
Microsoft Visual Studio Solution File, Format Version 12.00
# Visual Studio Version 16
VisualStudioVersion = 16.0.30011.22
MinimumVisualStudioVersion = 10.0.40219.1
Project("{FAE04EC0-301F-11D3-BF4B-00C04F79EFBC}") = "labosi 6", "labosi 6\labosi 6.csproj", "{ECA8E13A-E62B-473E-AABF-172EA3FD5681}"
EndProject
Global
	GlobalSection(SolutionConfigurationPlatforms) = preSolution
		Debug|Any CPU = Debug|Any CPU
		Release|Any CPU = Release|Any CPU
	EndGlobalSection
	GlobalSection(ProjectConfigurationPlatforms) = postSolution
		{ECA8E13A-E62B-473E-AABF-172EA3FD5681}.Debug|Any CPU.ActiveCfg = Debug|Any CPU
		{ECA8E13A-E62B-473E-AABF-172EA3FD5681}.Debug|Any CPU.Build.0 = Debug|Any CPU
		{ECA8E13A-E62B-473E-AABF-172EA3FD5681}.Release|Any CPU.ActiveCfg = Release|Any CPU
		{ECA8E13A-E62B-473E-AABF-172EA3FD5681}.Release|Any CPU.Build.0 = Release|Any CPU
	EndGlobalSection
	GlobalSection(SolutionProperties) = preSolution
		HideSolutionNode = FALSE
	EndGlobalSection
	GlobalSection(ExtensibilityGlobals) = postSolution
		SolutionGuid = {0CD4D089-67B9-4C5E-9962-4A2D2C3279A0}
	EndGlobalSection
EndGlobal
